{
  "name": "viz-toolkit",
  "version": "1.0.0",
  "lockfileVersion": 1,
  "requires": true,
  "dependencies": {
    "@angular/animations": {
      "version": "6.1.7",
      "resolved": "https://registry.npmjs.org/@angular/animations/-/animations-6.1.7.tgz",
      "integrity": "sha512-bjX3VEVEh5scGDDmxEKPzYI8DWUbqOFA34aYDY2cHPnDkLM0I7pEtO44qb72FSbWwXn77sYlby/dx2gtRayOOA==",
      "requires": {
        "tslib": "^1.9.0"
      }
    },
    "@angular/cdk": {
      "version": "6.4.7",
      "resolved": "https://registry.npmjs.org/@angular/cdk/-/cdk-6.4.7.tgz",
      "integrity": "sha512-18x0U66fLD5kGQWZ9n3nb75xQouXlWs7kUDaTd8HTrHpT1s2QIAqlLd1KxfrYiVhsEC2jPQaoiae7VnBlcvkBg==",
      "requires": {
        "tslib": "^1.7.1"
      }
    },
    "@angular/common": {
      "version": "6.1.7",
      "resolved": "https://registry.npmjs.org/@angular/common/-/common-6.1.7.tgz",
      "integrity": "sha512-zFK2xM0hqR2ZWIfUsn+06jg+0K5PolzTxPjfUtVQDCZo+JHHKTVHEwtfORUaMTMfH9EqKrvfB3t6fCwK0523ag==",
      "requires": {
        "tslib": "^1.9.0"
      }
    },
    "@angular/compiler": {
      "version": "6.1.7",
      "resolved": "https://registry.npmjs.org/@angular/compiler/-/compiler-6.1.7.tgz",
      "integrity": "sha512-JKuK/fzKNCF+mNPmPmGQjr0uHVpfxmrOqXBriJMklCtdsKeQW94BLUoNjn8h1H10rFbUqYuD5v9AAKdH77FgnA==",
      "requires": {
        "tslib": "^1.9.0"
      }
    },
    "@angular/core": {
      "version": "6.1.7",
      "resolved": "https://registry.npmjs.org/@angular/core/-/core-6.1.7.tgz",
      "integrity": "sha512-3MtS8EQy+saNcImDWghphOr/h3l5CpFnZW6aaHiL8T5CpTBNdB86uEmAwtiNQkJ0UeO+cztF1zNCzhm9R93/3w==",
      "requires": {
        "tslib": "^1.9.0"
      }
    },
    "@angular/forms": {
      "version": "6.1.7",
      "resolved": "https://registry.npmjs.org/@angular/forms/-/forms-6.1.7.tgz",
      "integrity": "sha512-McCElnn6Abr+HAjwxa1ldvIMs101TT0NGq8EHXLyF9QcKG24dU7425+MdLuW0OrtgBql2+RjlqnSiKuxDQHxJA==",
      "requires": {
        "tslib": "^1.9.0"
      }
    },
    "@angular/material": {
      "version": "6.4.7",
      "resolved": "https://registry.npmjs.org/@angular/material/-/material-6.4.7.tgz",
      "integrity": "sha512-SdNx7Xovi24Kw9eU6lkLhY/7f2M7L9F+/uh6XuPr4jbGgCUVVpeeVI5ztZhsZRbj1sN+/r1p5w8u62apWWl5Ww==",
      "requires": {
        "parse5": "^5.0.0",
        "tslib": "^1.7.1"
      }
    },
    "@angular/platform-browser": {
      "version": "6.1.7",
      "resolved": "https://registry.npmjs.org/@angular/platform-browser/-/platform-browser-6.1.7.tgz",
      "integrity": "sha512-YOYg944aefCWElJhnma8X+3wJDb6nHf6aBAVN+YPg0bUplEFacR4y6PeM9QR8vjh5Y0kbGG9ZPGDT/WwP2t4sQ==",
      "requires": {
        "tslib": "^1.9.0"
      }
    },
    "@angular/router": {
      "version": "6.1.7",
      "resolved": "https://registry.npmjs.org/@angular/router/-/router-6.1.7.tgz",
      "integrity": "sha512-YaOTq2icKAd9FDls2qo2Qp8FrmLGke3eA+bZ3FvOhFydxyUAvlU96N9Y9Gb05tXTtBaQNzAInov2bbp2YMFEFA==",
      "requires": {
        "tslib": "^1.9.0"
      }
    },
    "highcharts": {
      "version": "6.1.3",
      "resolved": "https://registry.npmjs.org/highcharts/-/highcharts-6.1.3.tgz",
      "integrity": "sha512-f6Srq0KRRi31jJrmwDmFBAI3P5t5khhBoQXU91UrfqKEVVGxUYi0Gu3e14pIXKmrYkJDYTUwxC1alhLs2u3LkA=="
    },
    "mat-range-datepicker": {
      "version": "1.0.5",
      "resolved": "https://registry.npmjs.org/mat-range-datepicker/-/mat-range-datepicker-1.0.5.tgz",
      "integrity": "sha512-5vQj5Q85+xMuNzptbYZHslkLZz6H17npXQg9e5mi60aDt3esfSSn9HPB0waPuTluXz1D5+g2jZbitvwoOhM8lA==",
      "requires": {
        "tslib": "^1.9.0"
      }
    },
    "parse5": {
      "version": "5.1.0",
      "resolved": "https://registry.npmjs.org/parse5/-/parse5-5.1.0.tgz",
      "integrity": "sha512-fxNG2sQjHvlVAYmzBZS9YlDp6PTSSDwa98vkD4QgVDDCAo84z5X1t5XyJQ62ImdLXx5NdIIfihey6xpum9/gRQ==",
      "optional": true
    },
    "rxjs": {
      "version": "6.3.2",
      "resolved": "https://registry.npmjs.org/rxjs/-/rxjs-6.3.2.tgz",
      "integrity": "sha512-hV7criqbR0pe7EeL3O66UYVg92IR0XsA97+9y+BWTePK9SKmEI5Qd3Zj6uPnGkNzXsBywBQWTvujPl+1Kn9Zjw==",
      "requires": {
        "tslib": "^1.9.0"
      }
    },
    "tslib": {
      "version": "1.9.3",
      "resolved": "https://registry.npmjs.org/tslib/-/tslib-1.9.3.tgz",
      "integrity": "sha512-4krF8scpejhaOgqzBEcGM7yDIEfi0/8+8zDRZhNZZ2kjmHJ4hv3zCbQWxoJGz1iw5U0Jl0nma13xzHXcncMavQ=="
    },
    "zone.js": {
      "version": "0.8.26",
      "resolved": "https://registry.npmjs.org/zone.js/-/zone.js-0.8.26.tgz",
      "integrity": "sha512-W9Nj+UmBJG251wkCacIkETgra4QgBo/vgoEkb4a2uoLzpQG7qF9nzwoLXWU5xj3Fg2mxGvEDh47mg24vXccYjA=="
    }
  }
}
